
Microsoft Visual Studio Solution File, Format Version 12.00
# Visual Studio Version 16
VisualStudioVersion = 16.0.30204.135
MinimumVisualStudioVersion = 10.0.40219.1
Project("{2150E333-8FDC-42A3-9474-1A3956D46DE8}") = "src", "src", "{8989D9CF-0BD1-4936-B52F-337C22BF12EC}"
EndProject
Project("{9A19103F-16F7-4668-BE54-9A1E7A4F7556}") = "SvarnyJunak.CeskeObce.Web", "src\SvarnyJunak.CeskeObce.Web\SvarnyJunak.CeskeObce.Web.csproj", "{487CFE44-79F2-4803-8C85-2A4C357B8432}"
EndProject
Project("{9A19103F-16F7-4668-BE54-9A1E7A4F7556}") = "SvarnyJunak.CeskeObce.Data", "src\SvarnyJunak.CeskeObce.Data\SvarnyJunak.CeskeObce.Data.csproj", "{F395A315-4493-4248-B209-054C0DB61194}"
EndProject
Project("{9A19103F-16F7-4668-BE54-9A1E7A4F7556}") = "SvarnyJunak.CeskeObce.DataParser", "src\SvarnyJunak.CeskeObce.DataParser\SvarnyJunak.CeskeObce.DataParser.csproj", "{760EAB85-A4D9-4A71-9321-3ABDBFC184C3}"
EndProject
Project("{2150E333-8FDC-42A3-9474-1A3956D46DE8}") = "Tests", "Tests", "{9834A486-6BD7-4C4C-B4C5-9C271AA2B691}"
EndProject
Project("{9A19103F-16F7-4668-BE54-9A1E7A4F7556}") = "SvarnyJunak.CeskeObce.DataParser.Test", "src\Tests\SvarnyJunak.CeskeObce.DataParser.Test\SvarnyJunak.CeskeObce.DataParser.Test.csproj", "{E1D72D55-A5F9-44C9-8335-04B63D4D7CB2}"
EndProject
Project("{9A19103F-16F7-4668-BE54-9A1E7A4F7556}") = "SvarnyJunak.CeskeObce.Web.Test", "src\Tests\SvarnyJunak.CeskeObce.Web\SvarnyJunak.CeskeObce.Web.Test.csproj", "{DB740A68-28FA-40B2-8B26-A8F015ED2B19}"
EndProject
Project("{FAE04EC0-301F-11D3-BF4B-00C04F79EFBC}") = "SvarnyJunak.CeskeObce.Data.Test", "src\Tests\SvarnyJunak.CeskeObce.Data.Test\SvarnyJunak.CeskeObce.Data.Test.csproj", "{2D818AD8-6F89-45D6-B770-9F0414E0643C}"
EndProject
Global
	GlobalSection(SolutionConfigurationPlatforms) = preSolution
		Debug|Any CPU = Debug|Any CPU
		Debug|x64 = Debug|x64
		Debug|x86 = Debug|x86
		Release|Any CPU = Release|Any CPU
		Release|x64 = Release|x64
		Release|x86 = Release|x86
	EndGlobalSection
	GlobalSection(ProjectConfigurationPlatforms) = postSolution
		{487CFE44-79F2-4803-8C85-2A4C357B8432}.Debug|Any CPU.ActiveCfg = Debug|Any CPU
		{487CFE44-79F2-4803-8C85-2A4C357B8432}.Debug|Any CPU.Build.0 = Debug|Any CPU
		{487CFE44-79F2-4803-8C85-2A4C357B8432}.Debug|x64.ActiveCfg = Debug|Any CPU
		{487CFE44-79F2-4803-8C85-2A4C357B8432}.Debug|x64.Build.0 = Debug|Any CPU
		{487CFE44-79F2-4803-8C85-2A4C357B8432}.Debug|x86.ActiveCfg = Debug|Any CPU
		{487CFE44-79F2-4803-8C85-2A4C357B8432}.Debug|x86.Build.0 = Debug|Any CPU
		{487CFE44-79F2-4803-8C85-2A4C357B8432}.Release|Any CPU.ActiveCfg = Release|Any CPU
		{487CFE44-79F2-4803-8C85-2A4C357B8432}.Release|Any CPU.Build.0 = Release|Any CPU
		{487CFE44-79F2-4803-8C85-2A4C357B8432}.Release|x64.ActiveCfg = Release|Any CPU
		{487CFE44-79F2-4803-8C85-2A4C357B8432}.Release|x64.Build.0 = Release|Any CPU
		{487CFE44-79F2-4803-8C85-2A4C357B8432}.Release|x86.ActiveCfg = Release|Any CPU
		{487CFE44-79F2-4803-8C85-2A4C357B8432}.Release|x86.Build.0 = Release|Any CPU
		{F395A315-4493-4248-B209-054C0DB61194}.Debug|Any CPU.ActiveCfg = Debug|Any CPU
		{F395A315-4493-4248-B209-054C0DB61194}.Debug|Any CPU.Build.0 = Debug|Any CPU
		{F395A315-4493-4248-B209-054C0DB61194}.Debug|x64.ActiveCfg = Debug|Any CPU
		{F395A315-4493-4248-B209-054C0DB61194}.Debug|x64.Build.0 = Debug|Any CPU
		{F395A315-4493-4248-B209-054C0DB61194}.Debug|x86.ActiveCfg = Debug|Any CPU
		{F395A315-4493-4248-B209-054C0DB61194}.Debug|x86.Build.0 = Debug|Any CPU
		{F395A315-4493-4248-B209-054C0DB61194}.Release|Any CPU.ActiveCfg = Release|Any CPU
		{F395A315-4493-4248-B209-054C0DB61194}.Release|Any CPU.Build.0 = Release|Any CPU
		{F395A315-4493-4248-B209-054C0DB61194}.Release|x64.ActiveCfg = Release|Any CPU
		{F395A315-4493-4248-B209-054C0DB61194}.Release|x64.Build.0 = Release|Any CPU
		{F395A315-4493-4248-B209-054C0DB61194}.Release|x86.ActiveCfg = Release|Any CPU
		{F395A315-4493-4248-B209-054C0DB61194}.Release|x86.Build.0 = Release|Any CPU
		{760EAB85-A4D9-4A71-9321-3ABDBFC184C3}.Debug|Any CPU.ActiveCfg = Debug|Any CPU
		{760EAB85-A4D9-4A71-9321-3ABDBFC184C3}.Debug|Any CPU.Build.0 = Debug|Any CPU
		{760EAB85-A4D9-4A71-9321-3ABDBFC184C3}.Debug|x64.ActiveCfg = Debug|Any CPU
		{760EAB85-A4D9-4A71-9321-3ABDBFC184C3}.Debug|x64.Build.0 = Debug|Any CPU
		{760EAB85-A4D9-4A71-9321-3ABDBFC184C3}.Debug|x86.ActiveCfg = Debug|Any CPU
		{760EAB85-A4D9-4A71-9321-3ABDBFC184C3}.Debug|x86.Build.0 = Debug|Any CPU
		{760EAB85-A4D9-4A71-9321-3ABDBFC184C3}.Release|Any CPU.ActiveCfg = Release|Any CPU
		{760EAB85-A4D9-4A71-9321-3ABDBFC184C3}.Release|Any CPU.Build.0 = Release|Any CPU
		{760EAB85-A4D9-4A71-9321-3ABDBFC184C3}.Release|x64.ActiveCfg = Release|Any CPU
		{760EAB85-A4D9-4A71-9321-3ABDBFC184C3}.Release|x64.Build.0 = Release|Any CPU
		{760EAB85-A4D9-4A71-9321-3ABDBFC184C3}.Release|x86.ActiveCfg = Release|Any CPU
		{760EAB85-A4D9-4A71-9321-3ABDBFC184C3}.Release|x86.Build.0 = Release|Any CPU
		{E1D72D55-A5F9-44C9-8335-04B63D4D7CB2}.Debug|Any CPU.ActiveCfg = Debug|Any CPU
		{E1D72D55-A5F9-44C9-8335-04B63D4D7CB2}.Debug|Any CPU.Build.0 = Debug|Any CPU
		{E1D72D55-A5F9-44C9-8335-04B63D4D7CB2}.Debug|x64.ActiveCfg = Debug|Any CPU
		{E1D72D55-A5F9-44C9-8335-04B63D4D7CB2}.Debug|x64.Build.0 = Debug|Any CPU
		{E1D72D55-A5F9-44C9-8335-04B63D4D7CB2}.Debug|x86.ActiveCfg = Debug|Any CPU
		{E1D72D55-A5F9-44C9-8335-04B63D4D7CB2}.Debug|x86.Build.0 = Debug|Any CPU
		{E1D72D55-A5F9-44C9-8335-04B63D4D7CB2}.Release|Any CPU.ActiveCfg = Release|Any CPU
		{E1D72D55-A5F9-44C9-8335-04B63D4D7CB2}.Release|Any CPU.Build.0 = Release|Any CPU
		{E1D72D55-A5F9-44C9-8335-04B63D4D7CB2}.Release|x64.ActiveCfg = Release|Any CPU
		{E1D72D55-A5F9-44C9-8335-04B63D4D7CB2}.Release|x64.Build.0 = Release|Any CPU
		{E1D72D55-A5F9-44C9-8335-04B63D4D7CB2}.Release|x86.ActiveCfg = Release|Any CPU
		{E1D72D55-A5F9-44C9-8335-04B63D4D7CB2}.Release|x86.Build.0 = Release|Any CPU
		{DB740A68-28FA-40B2-8B26-A8F015ED2B19}.Debug|Any CPU.ActiveCfg = Debug|Any CPU
		{DB740A68-28FA-40B2-8B26-A8F015ED2B19}.Debug|Any CPU.Build.0 = Debug|Any CPU
		{DB740A68-28FA-40B2-8B26-A8F015ED2B19}.Debug|x64.ActiveCfg = Debug|Any CPU
		{DB740A68-28FA-40B2-8B26-A8F015ED2B19}.Debug|x64.Build.0 = Debug|Any CPU
		{DB740A68-28FA-40B2-8B26-A8F015ED2B19}.Debug|x86.ActiveCfg = Debug|Any CPU
		{DB740A68-28FA-40B2-8B26-A8F015ED2B19}.Debug|x86.Build.0 = Debug|Any CPU
		{DB740A68-28FA-40B2-8B26-A8F015ED2B19}.Release|Any CPU.ActiveCfg = Release|Any CPU
		{DB740A68-28FA-40B2-8B26-A8F015ED2B19}.Release|Any CPU.Build.0 = Release|Any CPU
		{DB740A68-28FA-40B2-8B26-A8F015ED2B19}.Release|x64.ActiveCfg = Release|Any CPU
		{DB740A68-28FA-40B2-8B26-A8F015ED2B19}.Release|x64.Build.0 = Release|Any CPU
		{DB740A68-28FA-40B2-8B26-A8F015ED2B19}.Release|x86.ActiveCfg = Release|Any CPU
		{DB740A68-28FA-40B2-8B26-A8F015ED2B19}.Release|x86.Build.0 = Release|Any CPU
		{2D818AD8-6F89-45D6-B770-9F0414E0643C}.Debug|Any CPU.ActiveCfg = Debug|Any CPU
		{2D818AD8-6F89-45D6-B770-9F0414E0643C}.Debug|Any CPU.Build.0 = Debug|Any CPU
		{2D818AD8-6F89-45D6-B770-9F0414E0643C}.Debug|x64.ActiveCfg = Debug|Any CPU
		{2D818AD8-6F89-45D6-B770-9F0414E0643C}.Debug|x64.Build.0 = Debug|Any CPU
		{2D818AD8-6F89-45D6-B770-9F0414E0643C}.Debug|x86.ActiveCfg = Debug|Any CPU
		{2D818AD8-6F89-45D6-B770-9F0414E0643C}.Debug|x86.Build.0 = Debug|Any CPU
		{2D818AD8-6F89-45D6-B770-9F0414E0643C}.Release|Any CPU.ActiveCfg = Release|Any CPU
		{2D818AD8-6F89-45D6-B770-9F0414E0643C}.Release|Any CPU.Build.0 = Release|Any CPU
		{2D818AD8-6F89-45D6-B770-9F0414E0643C}.Release|x64.ActiveCfg = Release|Any CPU
		{2D818AD8-6F89-45D6-B770-9F0414E0643C}.Release|x64.Build.0 = Release|Any CPU
		{2D818AD8-6F89-45D6-B770-9F0414E0643C}.Release|x86.ActiveCfg = Release|Any CPU
		{2D818AD8-6F89-45D6-B770-9F0414E0643C}.Release|x86.Build.0 = Release|Any CPU
	EndGlobalSection
	GlobalSection(SolutionProperties) = preSolution
		HideSolutionNode = FALSE
	EndGlobalSection
	GlobalSection(NestedProjects) = preSolution
		{487CFE44-79F2-4803-8C85-2A4C357B8432} = {8989D9CF-0BD1-4936-B52F-337C22BF12EC}
		{F395A315-4493-4248-B209-054C0DB61194} = {8989D9CF-0BD1-4936-B52F-337C22BF12EC}
		{760EAB85-A4D9-4A71-9321-3ABDBFC184C3} = {8989D9CF-0BD1-4936-B52F-337C22BF12EC}
		{9834A486-6BD7-4C4C-B4C5-9C271AA2B691} = {8989D9CF-0BD1-4936-B52F-337C22BF12EC}
		{E1D72D55-A5F9-44C9-8335-04B63D4D7CB2} = {9834A486-6BD7-4C4C-B4C5-9C271AA2B691}
		{DB740A68-28FA-40B2-8B26-A8F015ED2B19} = {9834A486-6BD7-4C4C-B4C5-9C271AA2B691}
		{2D818AD8-6F89-45D6-B770-9F0414E0643C} = {9834A486-6BD7-4C4C-B4C5-9C271AA2B691}
	EndGlobalSection
	GlobalSection(ExtensibilityGlobals) = postSolution
		SolutionGuid = {49531099-A3CA-40D1-A7B7-A867E1E27A62}
	EndGlobalSection
EndGlobal
